{
  "nodes": {
    "base16-schemes": {
      "flake": false,
      "locked": {
        "lastModified": 1680729003,
        "narHash": "sha256-M9LHTL24/W4oqgbYRkz0B2qpNrkefTs98pfj3MxIXnU=",
        "owner": "tinted-theming",
        "repo": "base16-schemes",
        "rev": "dc048afa066287a719ddbab62b3e19e4b5110cf0",
        "type": "github"
      },
      "original": {
        "owner": "tinted-theming",
        "repo": "base16-schemes",
        "type": "github"
      }
    },
    "firefox-addons": {
      "inputs": {
        "flake-utils": "flake-utils",
        "nixpkgs": [
          "nixpkgs"
        ]
      },
      "locked": {
        "dir": "pkgs/firefox-addons",
        "lastModified": 1681971260,
        "narHash": "sha256-FmpWanP4BAlUWjd7dFleqEtgi0z1U9GMD6ICK9waFeM=",
        "owner": "rycee",
        "repo": "nur-expressions",
        "rev": "4e3806aec6154e30391667fc2e08853f65bf8fa5",
        "type": "gitlab"
      },
      "original": {
        "dir": "pkgs/firefox-addons",
        "owner": "rycee",
        "repo": "nur-expressions",
        "type": "gitlab"
      }
    },
    "flake-compat": {
      "flake": false,
      "locked": {
        "lastModified": 1673956053,
        "narHash": "sha256-4gtG9iQuiKITOjNQQeQIpoIB6b16fm+504Ch3sNKLd8=",
        "owner": "edolstra",
        "repo": "flake-compat",
        "rev": "35bb57c0c8d8b62bbfd284272c928ceb64ddbde9",
        "type": "github"
      },
      "original": {
        "owner": "edolstra",
        "repo": "flake-compat",
        "type": "github"
      }
    },
    "flake-utils": {
      "locked": {
        "lastModified": 1629284811,
        "narHash": "sha256-JHgasjPR0/J1J3DRm4KxM4zTyAj4IOJY8vIl75v/kPI=",
        "owner": "numtide",
        "repo": "flake-utils",
        "rev": "c5d161cc0af116a2e17f54316f0bf43f0819785c",
        "type": "github"
      },
      "original": {
        "owner": "numtide",
        "repo": "flake-utils",
        "type": "github"
      }
    },
    "flake-utils_2": {
      "locked": {
        "lastModified": 1667395993,
        "narHash": "sha256-nuEHfE/LcWyuSWnS8t12N1wc105Qtau+/OdUAjtQ0rA=",
        "owner": "numtide",
        "repo": "flake-utils",
        "rev": "5aed5285a952e0b949eb3ba02c12fa4fcfef535f",
        "type": "github"
      },
      "original": {
        "owner": "numtide",
        "repo": "flake-utils",
        "type": "github"
      }
    },
    "hardware": {
      "locked": {
        "lastModified": 1680876084,
        "narHash": "sha256-eP9yxP0wc7XuVaODugh+ajgbFGaile2O1ihxiLxOuvU=",
        "owner": "nixos",
        "repo": "nixos-hardware",
        "rev": "3006d2860a6ed5e01b0c3e7ffb730e9b293116e2",
        "type": "github"
      },
      "original": {
        "owner": "nixos",
        "repo": "nixos-hardware",
        "type": "github"
      }
    },
    "home-manager": {
      "inputs": {
        "nixpkgs": [
          "nixpkgs"
        ]
      },
      "locked": {
        "lastModified": 1681971090,
        "narHash": "sha256-3j0M63GkG6GGny9e+C//GyuDCx1IwrurD27S0YI+GQY=",
        "owner": "nix-community",
        "repo": "home-manager",
        "rev": "5160039edca28a7e66bad0cfc72a07c91d6768ad",
        "type": "github"
      },
      "original": {
        "owner": "nix-community",
        "repo": "home-manager",
        "type": "github"
      }
    },
    "hyprland": {
      "inputs": {
        "nixpkgs": [
          "nixpkgs"
        ],
        "wlroots": "wlroots"
      },
      "locked": {
        "lastModified": 1665480816,
        "narHash": "sha256-FPcO5We1hhUcql4bnes3Q5sIa8E9nfH8y582wieFGQU=",
        "owner": "hyprwm",
        "repo": "hyprland",
        "rev": "8880298f50dcc53b0aa91e13673dbd3391b65170",
        "type": "github"
      },
      "original": {
        "owner": "hyprwm",
        "ref": "v0.15.3beta",
        "repo": "hyprland",
        "type": "github"
      }
    },
    "hyprwm-contrib": {
      "inputs": {
        "nixpkgs": [
          "nixpkgs"
        ]
      },
      "locked": {
        "lastModified": 1679036674,
        "narHash": "sha256-2s3Hfq56jL8ePyc3+calPT34FNMK2zksqwPhIxAq20o=",
        "owner": "hyprwm",
        "repo": "contrib",
        "rev": "1af47a008e850c595aeddc83bb3f04fd81935caa",
        "type": "github"
      },
      "original": {
        "owner": "hyprwm",
        "repo": "contrib",
        "type": "github"
      }
    },
    "impermanence": {
      "locked": {
        "lastModified": 1675359654,
        "narHash": "sha256-FPxzuvJkcO49g4zkWLSeuZkln54bLoTtrggZDJBH90I=",
        "owner": "nix-community",
        "repo": "impermanence",
        "rev": "6138eb8e737bffabd4c8fc78ae015d4fd6a7e2fd",
        "type": "github"
      },
      "original": {
        "owner": "nix-community",
        "repo": "impermanence",
        "type": "github"
      }
    },
    "neovim-flake": {
      "inputs": {
        "flake-utils": "flake-utils_2",
        "nixpkgs": [
          "neovim-nightly-overlay",
          "nixpkgs"
        ]
      },
      "locked": {
        "dir": "contrib",
        "lastModified": 1681953453,
        "narHash": "sha256-l2Nh6qN3u77m4cwSQvcEELiNos36YOvCTym2MHehnQE=",
        "owner": "neovim",
        "repo": "neovim",
        "rev": "dbcd1985d13b02ab7a547d0b97d4ede28fa49b96",
        "type": "github"
      },
      "original": {
        "dir": "contrib",
        "owner": "neovim",
        "repo": "neovim",
        "type": "github"
      }
    },
    "neovim-nightly-overlay": {
      "inputs": {
        "flake-compat": "flake-compat",
        "neovim-flake": "neovim-flake",
        "nixpkgs": "nixpkgs"
      },
      "locked": {
        "lastModified": 1681978427,
        "narHash": "sha256-5u41ZO28uC1+pCOlEn4avxvGmy9yxqZE//LGRJyZu4I=",
        "owner": "nix-community",
        "repo": "neovim-nightly-overlay",
        "rev": "905aff689afb230a037599d1d6456d65ce9b4a64",
        "type": "github"
      },
      "original": {
        "owner": "nix-community",
        "repo": "neovim-nightly-overlay",
        "type": "github"
      }
    },
    "nix-colors": {
      "inputs": {
        "base16-schemes": "base16-schemes",
        "nixpkgs-lib": "nixpkgs-lib"
      },
      "locked": {
        "lastModified": 1680875144,
        "narHash": "sha256-Ub/Y+/zoAoji+E7WCLbTykcTmfRiyzLJ5QEyR3NbHgY=",
        "owner": "misterio77",
        "repo": "nix-colors",
        "rev": "41cc6c1086a4d26509f9fc80a538131d03a11234",
        "type": "github"
      },
      "original": {
        "owner": "misterio77",
        "repo": "nix-colors",
        "type": "github"
      }
    },
    "nixpkgs": {
      "locked": {
        "lastModified": 1681753173,
        "narHash": "sha256-MrGmzZWLUqh2VstoikKLFFIELXm/lsf/G9U9zR96VD4=",
        "owner": "nixos",
        "repo": "nixpkgs",
        "rev": "0a4206a51b386e5cda731e8ac78d76ad924c7125",
        "type": "github"
      },
      "original": {
        "owner": "nixos",
        "ref": "nixpkgs-unstable",
        "repo": "nixpkgs",
        "type": "github"
      }
    },
    "nixpkgs-lib": {
      "locked": {
        "lastModified": 1680397293,
        "narHash": "sha256-wBpJ73+tJ8fZSWb4tzNbAVahC4HSo2QG3nICDy4ExBQ=",
        "owner": "nix-community",
        "repo": "nixpkgs.lib",
        "rev": "b18d328214ca3c627d3cc3f51fd9d1397fdbcd7a",
        "type": "github"
      },
      "original": {
        "owner": "nix-community",
        "repo": "nixpkgs.lib",
        "type": "github"
      }
    },
    "nixpkgs-stable": {
      "locked": {
        "lastModified": 1681613598,
        "narHash": "sha256-Ogkoma0ytYcDoMR2N7CZFABPo+i0NNo26dPngru9tPc=",
        "owner": "NixOS",
        "repo": "nixpkgs",
        "rev": "1040ce5f652b586da95dfd80d48a745e107b9eac",
        "type": "github"
      },
      "original": {
        "owner": "NixOS",
        "ref": "release-22.11",
        "repo": "nixpkgs",
        "type": "github"
      }
    },
    "nixpkgs_2": {
      "locked": {
        "lastModified": 1681828457,
        "narHash": "sha256-o4Zvs309HOhrNeVloPKqangcKHobsggVt6GFbnEPZlQ=",
        "owner": "nixos",
        "repo": "nixpkgs",
        "rev": "555daa9d339b3df75e58ee558a4fec98ea92521e",
        "type": "github"
      },
      "original": {
        "owner": "nixos",
        "ref": "nixos-unstable",
        "repo": "nixpkgs",
        "type": "github"
      }
    },
    "nur": {
      "locked": {
        "lastModified": 1681994115,
        "narHash": "sha256-O/7AVL1iKq4G4Zyf0k71Ki5OOP3U4gH5ms1ZLMPuG1I=",
        "owner": "nix-community",
        "repo": "NUR",
        "rev": "5ea4cf7eafb21011352a3cf857edc2d7c5ccdf70",
        "type": "github"
      },
      "original": {
        "owner": "nix-community",
        "repo": "NUR",
        "type": "github"
      }
    },
    "root": {
      "inputs": {
        "firefox-addons": "firefox-addons",
        "hardware": "hardware",
        "home-manager": "home-manager",
        "hyprland": "hyprland",
        "hyprwm-contrib": "hyprwm-contrib",
        "impermanence": "impermanence",
        "neovim-nightly-overlay": "neovim-nightly-overlay",
        "nix-colors": "nix-colors",
        "nixpkgs": "nixpkgs_2",
        "nur": "nur",
        "sops-nix": "sops-nix"
      }
    },
    "sops-nix": {
      "inputs": {
        "nixpkgs": [
          "nixpkgs"
        ],
        "nixpkgs-stable": "nixpkgs-stable"
      },
      "locked": {
        "lastModified": 1681821695,
        "narHash": "sha256-uwyBGo/9IALi97AfMuzkJroQQhV6hkybaZVdw6pRNG4=",
        "owner": "mic92",
        "repo": "sops-nix",
        "rev": "5698b06b0731a2c15ff8c2351644427f8ad33993",
        "type": "github"
      },
      "original": {
        "owner": "mic92",
        "repo": "sops-nix",
        "type": "github"
      }
    },
    "wlroots": {
      "flake": false,
      "locked": {
        "host": "gitlab.freedesktop.org",
        "lastModified": 1665405587,
        "narHash": "sha256-lVL48azhjGA/oEIcUSZQNwomNs0EzPxCcjgzyDST0PM=",
        "owner": "wlroots",
        "repo": "wlroots",
        "rev": "221ee83d440fb7dcbfd141ef3a459a5a973331b6",
        "type": "gitlab"
      },
      "original": {
        "host": "gitlab.freedesktop.org",
        "owner": "wlroots",
        "repo": "wlroots",
        "type": "gitlab"
      }
    }
  },
  "root": "root",
  "version": 7
}
